
Microsoft Visual Studio Solution File, Format Version 12.00
# Visual Studio 15
VisualStudioVersion = 15.0.26730.16
MinimumVisualStudioVersion = 10.0.40219.1
Project("{FAE04EC0-301F-11D3-BF4B-00C04F79EFBC}") = "RegisteringAndLogginIn", "RegisteringAndLogginIn\RegisteringAndLogginIn.csproj", "{71B9134E-8C5E-4387-8431-46E82E318E4D}"
EndProject
Global
	GlobalSection(SolutionConfigurationPlatforms) = preSolution
		Debug|Any CPU = Debug|Any CPU
		Release|Any CPU = Release|Any CPU
	EndGlobalSection
	GlobalSection(ProjectConfigurationPlatforms) = postSolution
		{71B9134E-8C5E-4387-8431-46E82E318E4D}.Debug|Any CPU.ActiveCfg = Debug|Any CPU
		{71B9134E-8C5E-4387-8431-46E82E318E4D}.Debug|Any CPU.Build.0 = Debug|Any CPU
		{71B9134E-8C5E-4387-8431-46E82E318E4D}.Release|Any CPU.ActiveCfg = Release|Any CPU
		{71B9134E-8C5E-4387-8431-46E82E318E4D}.Release|Any CPU.Build.0 = Release|Any CPU
	EndGlobalSection
	GlobalSection(SolutionProperties) = preSolution
		HideSolutionNode = FALSE
	EndGlobalSection
	GlobalSection(ExtensibilityGlobals) = postSolution
		SolutionGuid = {8C90EEC9-BE49-43BF-B8AA-A65B1158118A}
	EndGlobalSection
EndGlobal
