
Microsoft Visual Studio Solution File, Format Version 12.00
# Visual Studio Version 16
VisualStudioVersion = 16.0.31321.278
MinimumVisualStudioVersion = 10.0.40219.1
Project("{FAE04EC0-301F-11D3-BF4B-00C04F79EFBC}") = "StringsChallenge2", "StringsChallenge2\StringsChallenge2.csproj", "{9CA0A840-C303-493D-BF17-D3806042791B}"
EndProject
Global
	GlobalSection(SolutionConfigurationPlatforms) = preSolution
		Debug|Any CPU = Debug|Any CPU
		Release|Any CPU = Release|Any CPU
	EndGlobalSection
	GlobalSection(ProjectConfigurationPlatforms) = postSolution
		{9CA0A840-C303-493D-BF17-D3806042791B}.Debug|Any CPU.ActiveCfg = Debug|Any CPU
		{9CA0A840-C303-493D-BF17-D3806042791B}.Debug|Any CPU.Build.0 = Debug|Any CPU
		{9CA0A840-C303-493D-BF17-D3806042791B}.Release|Any CPU.ActiveCfg = Release|Any CPU
		{9CA0A840-C303-493D-BF17-D3806042791B}.Release|Any CPU.Build.0 = Release|Any CPU
	EndGlobalSection
	GlobalSection(SolutionProperties) = preSolution
		HideSolutionNode = FALSE
	EndGlobalSection
	GlobalSection(ExtensibilityGlobals) = postSolution
		SolutionGuid = {F1528B76-9D01-47A8-8E44-B31AD7B271E0}
	EndGlobalSection
EndGlobal
