
Microsoft Visual Studio Solution File, Format Version 12.00
# Visual Studio 15
VisualStudioVersion = 15.0.27428.2037
MinimumVisualStudioVersion = 10.0.40219.1
Project("{FAE04EC0-301F-11D3-BF4B-00C04F79EFBC}") = "NestedIf", "NestedIf\NestedIf.csproj", "{5704031F-EA4D-4EB4-B98A-A46DB203E750}"
EndProject
Global
	GlobalSection(SolutionConfigurationPlatforms) = preSolution
		Debug|Any CPU = Debug|Any CPU
		Release|Any CPU = Release|Any CPU
	EndGlobalSection
	GlobalSection(ProjectConfigurationPlatforms) = postSolution
		{5704031F-EA4D-4EB4-B98A-A46DB203E750}.Debug|Any CPU.ActiveCfg = Debug|Any CPU
		{5704031F-EA4D-4EB4-B98A-A46DB203E750}.Debug|Any CPU.Build.0 = Debug|Any CPU
		{5704031F-EA4D-4EB4-B98A-A46DB203E750}.Release|Any CPU.ActiveCfg = Release|Any CPU
		{5704031F-EA4D-4EB4-B98A-A46DB203E750}.Release|Any CPU.Build.0 = Release|Any CPU
	EndGlobalSection
	GlobalSection(SolutionProperties) = preSolution
		HideSolutionNode = FALSE
	EndGlobalSection
	GlobalSection(ExtensibilityGlobals) = postSolution
		SolutionGuid = {E9270285-75C1-43D7-9578-1F7F99F9F943}
	EndGlobalSection
EndGlobal
