
Microsoft Visual Studio Solution File, Format Version 12.00
# Visual Studio 15
VisualStudioVersion = 15.0.27428.2037
MinimumVisualStudioVersion = 10.0.40219.1
Project("{FAE04EC0-301F-11D3-BF4B-00C04F79EFBC}") = "Enhanced If-Statements", "Enhanced If-Statements\Enhanced If-Statements.csproj", "{F4C64129-3930-47F2-BA8C-D648AB9A20B3}"
EndProject
Global
	GlobalSection(SolutionConfigurationPlatforms) = preSolution
		Debug|Any CPU = Debug|Any CPU
		Release|Any CPU = Release|Any CPU
	EndGlobalSection
	GlobalSection(ProjectConfigurationPlatforms) = postSolution
		{F4C64129-3930-47F2-BA8C-D648AB9A20B3}.Debug|Any CPU.ActiveCfg = Debug|Any CPU
		{F4C64129-3930-47F2-BA8C-D648AB9A20B3}.Debug|Any CPU.Build.0 = Debug|Any CPU
		{F4C64129-3930-47F2-BA8C-D648AB9A20B3}.Release|Any CPU.ActiveCfg = Release|Any CPU
		{F4C64129-3930-47F2-BA8C-D648AB9A20B3}.Release|Any CPU.Build.0 = Release|Any CPU
	EndGlobalSection
	GlobalSection(SolutionProperties) = preSolution
		HideSolutionNode = FALSE
	EndGlobalSection
	GlobalSection(ExtensibilityGlobals) = postSolution
		SolutionGuid = {BE2C61FE-7FB6-4E8F-8E75-2C5B44D63502}
	EndGlobalSection
EndGlobal
