
Microsoft Visual Studio Solution File, Format Version 12.00
# Visual Studio Version 16
VisualStudioVersion = 16.0.31321.278
MinimumVisualStudioVersion = 10.0.40219.1
Project("{FAE04EC0-301F-11D3-BF4B-00C04F79EFBC}") = "Challenge-Loops1-Average", "Challenge-Loops1-Average\Challenge-Loops1-Average.csproj", "{DF8E33B3-ED78-438A-A882-03F7BA52E733}"
EndProject
Global
	GlobalSection(SolutionConfigurationPlatforms) = preSolution
		Debug|Any CPU = Debug|Any CPU
		Release|Any CPU = Release|Any CPU
	EndGlobalSection
	GlobalSection(ProjectConfigurationPlatforms) = postSolution
		{DF8E33B3-ED78-438A-A882-03F7BA52E733}.Debug|Any CPU.ActiveCfg = Debug|Any CPU
		{DF8E33B3-ED78-438A-A882-03F7BA52E733}.Debug|Any CPU.Build.0 = Debug|Any CPU
		{DF8E33B3-ED78-438A-A882-03F7BA52E733}.Release|Any CPU.ActiveCfg = Release|Any CPU
		{DF8E33B3-ED78-438A-A882-03F7BA52E733}.Release|Any CPU.Build.0 = Release|Any CPU
	EndGlobalSection
	GlobalSection(SolutionProperties) = preSolution
		HideSolutionNode = FALSE
	EndGlobalSection
	GlobalSection(ExtensibilityGlobals) = postSolution
		SolutionGuid = {932924E5-3AC4-4C77-8702-57A9FA6ADB67}
	EndGlobalSection
EndGlobal
