
Microsoft Visual Studio Solution File, Format Version 12.00
# Visual Studio Version 16
VisualStudioVersion = 16.0.31321.278
MinimumVisualStudioVersion = 10.0.40219.1
Project("{FAE04EC0-301F-11D3-BF4B-00C04F79EFBC}") = "TernaryChallenge", "TernaryChallenge\TernaryChallenge.csproj", "{040A8917-3309-4455-B802-B17F3A133CEA}"
EndProject
Global
	GlobalSection(SolutionConfigurationPlatforms) = preSolution
		Debug|Any CPU = Debug|Any CPU
		Release|Any CPU = Release|Any CPU
	EndGlobalSection
	GlobalSection(ProjectConfigurationPlatforms) = postSolution
		{040A8917-3309-4455-B802-B17F3A133CEA}.Debug|Any CPU.ActiveCfg = Debug|Any CPU
		{040A8917-3309-4455-B802-B17F3A133CEA}.Debug|Any CPU.Build.0 = Debug|Any CPU
		{040A8917-3309-4455-B802-B17F3A133CEA}.Release|Any CPU.ActiveCfg = Release|Any CPU
		{040A8917-3309-4455-B802-B17F3A133CEA}.Release|Any CPU.Build.0 = Release|Any CPU
	EndGlobalSection
	GlobalSection(SolutionProperties) = preSolution
		HideSolutionNode = FALSE
	EndGlobalSection
	GlobalSection(ExtensibilityGlobals) = postSolution
		SolutionGuid = {8D49DDF6-F968-42F2-AB6A-57E48E263338}
	EndGlobalSection
EndGlobal
