
Microsoft Visual Studio Solution File, Format Version 12.00
# Visual Studio Version 16
VisualStudioVersion = 16.0.31321.278
MinimumVisualStudioVersion = 10.0.40219.1
Project("{FAE04EC0-301F-11D3-BF4B-00C04F79EFBC}") = "HelloWorld", "HelloWorld\HelloWorld.csproj", "{05FB5291-7451-47E2-9ABA-2938AAB014BA}"
EndProject
Global
	GlobalSection(SolutionConfigurationPlatforms) = preSolution
		Debug|Any CPU = Debug|Any CPU
		Release|Any CPU = Release|Any CPU
	EndGlobalSection
	GlobalSection(ProjectConfigurationPlatforms) = postSolution
		{05FB5291-7451-47E2-9ABA-2938AAB014BA}.Debug|Any CPU.ActiveCfg = Debug|Any CPU
		{05FB5291-7451-47E2-9ABA-2938AAB014BA}.Debug|Any CPU.Build.0 = Debug|Any CPU
		{05FB5291-7451-47E2-9ABA-2938AAB014BA}.Release|Any CPU.ActiveCfg = Release|Any CPU
		{05FB5291-7451-47E2-9ABA-2938AAB014BA}.Release|Any CPU.Build.0 = Release|Any CPU
	EndGlobalSection
	GlobalSection(SolutionProperties) = preSolution
		HideSolutionNode = FALSE
	EndGlobalSection
	GlobalSection(ExtensibilityGlobals) = postSolution
		SolutionGuid = {42C4DD8C-F6E0-4403-AFBA-FE6B4D56F717}
	EndGlobalSection
EndGlobal
