
Microsoft Visual Studio Solution File, Format Version 12.00
# Visual Studio 15
VisualStudioVersion = 15.0.26730.16
MinimumVisualStudioVersion = 10.0.40219.1
Project("{FAE04EC0-301F-11D3-BF4B-00C04F79EFBC}") = "ForLoop", "ForLoop\ForLoop.csproj", "{A8485716-FF0F-4EDC-92FB-2E90D0F31229}"
EndProject
Global
	GlobalSection(SolutionConfigurationPlatforms) = preSolution
		Debug|Any CPU = Debug|Any CPU
		Release|Any CPU = Release|Any CPU
	EndGlobalSection
	GlobalSection(ProjectConfigurationPlatforms) = postSolution
		{A8485716-FF0F-4EDC-92FB-2E90D0F31229}.Debug|Any CPU.ActiveCfg = Debug|Any CPU
		{A8485716-FF0F-4EDC-92FB-2E90D0F31229}.Debug|Any CPU.Build.0 = Debug|Any CPU
		{A8485716-FF0F-4EDC-92FB-2E90D0F31229}.Release|Any CPU.ActiveCfg = Release|Any CPU
		{A8485716-FF0F-4EDC-92FB-2E90D0F31229}.Release|Any CPU.Build.0 = Release|Any CPU
	EndGlobalSection
	GlobalSection(SolutionProperties) = preSolution
		HideSolutionNode = FALSE
	EndGlobalSection
	GlobalSection(ExtensibilityGlobals) = postSolution
		SolutionGuid = {F0D6A5F5-C147-42B8-AA34-15291B91E23C}
	EndGlobalSection
EndGlobal
